
Microsoft Visual Studio Solution File, Format Version 12.00
# Visual Studio Version 17
VisualStudioVersion = 17.8.34322.80
MinimumVisualStudioVersion = 10.0.40219.1
Project("{FAE04EC0-301F-11D3-BF4B-00C04F79EFBC}") = "TercerExamenPractico", "TercerExamenPractico.csproj", "{0F4EC49D-DF46-4578-A940-8B21F5FBD648}"
EndProject
Global
	GlobalSection(SolutionConfigurationPlatforms) = preSolution
		Debug|Any CPU = Debug|Any CPU
		Release|Any CPU = Release|Any CPU
	EndGlobalSection
	GlobalSection(ProjectConfigurationPlatforms) = postSolution
		{0F4EC49D-DF46-4578-A940-8B21F5FBD648}.Debug|Any CPU.ActiveCfg = Debug|Any CPU
		{0F4EC49D-DF46-4578-A940-8B21F5FBD648}.Debug|Any CPU.Build.0 = Debug|Any CPU
		{0F4EC49D-DF46-4578-A940-8B21F5FBD648}.Release|Any CPU.ActiveCfg = Release|Any CPU
		{0F4EC49D-DF46-4578-A940-8B21F5FBD648}.Release|Any CPU.Build.0 = Release|Any CPU
	EndGlobalSection
	GlobalSection(SolutionProperties) = preSolution
		HideSolutionNode = FALSE
	EndGlobalSection
	GlobalSection(ExtensibilityGlobals) = postSolution
		SolutionGuid = {5E2280EE-77BF-43BF-9688-6FA2FE1A8358}
	EndGlobalSection
EndGlobal
